{
  "name": "backend",
  "version": "1.0.0",
  "lockfileVersion": 3,
  "requires": true,
  "packages": {
    "": {
      "name": "backend",
      "dependencies": {
        "@directus/sdk": "^17.0.0"
      }
    },
    "node_modules/@directus/sdk": {
      "version": "17.0.2",
      "resolved": "https://registry.npmjs.org/@directus/sdk/-/sdk-17.0.2.tgz",
      "integrity": "sha512-gKfWH6oQKnHw6mUl5lM32PTjtWrmSF6f09/zfN/74FKGPD853srCwip6rGif2R0GfdcrPHXwGHc7vTMXNDlniw==",
      "license": "MIT",
      "engines": {
        "node": ">=18.0.0"
      },
      "funding": {
        "url": "https://github.com/directus/directus?sponsor=1"
      }
    }
  }
}
